{\n  "name": "kajal_ki_rasoi_test",\n  "version": "1.0.0",\n  "lockfileVersion": 2,\n  "dependencies": {\n    "example-dependency": {\n      "version": "1.0.0",\n      "resolved": "https://registry.npmjs.org/example-dependency/-/example-dependency-1.0.0.tgz",\n      "integrity": "sha512-EXAMPLEINTEGRITYHASH",\n      "engines": {\n        "node": ">=8.0.0"\n      }\n    }\n  }\n}